{
  "name": "launcher",
  "lockfileVersion": 3,
  "requires": true,
  "packages": {
    "": {
      "dependencies": {
        "knitnox-color-calculator": "file:.."
      }
    },
    "..": {
      "name": "knitnox-color-calculator",
      "version": "2.0.0",
      "dependencies": {
        "knitnox": "file:../.."
      },
      "devDependencies": {
        "@sveltejs/adapter-static": "^3.0.0",
        "@sveltejs/kit": "^2.0.0",
        "svelte": "^5.0.0",
        "vite": "^8.0.0",
        "vite-plugin-pwa": "^0.21.0"
      }
    },
    "node_modules/knitnox-color-calculator": {
      "resolved": "..",
      "link": true
    }
  }
}
